
Microsoft Visual Studio Solution File, Format Version 12.00
# Visual Studio Version 16
VisualStudioVersion = 16.0.31229.75
MinimumVisualStudioVersion = 10.0.40219.1
Project("{FAE04EC0-301F-11D3-BF4B-00C04F79EFBC}") = "ExceptionLibrary", "ExceptionLibrary\ExceptionLibrary.csproj", "{3B51890F-F7AF-4C9E-BBDB-8552B0E013CC}"
EndProject
Project("{FAE04EC0-301F-11D3-BF4B-00C04F79EFBC}") = "AuthorizationLibrary", "AuthorizationLibrary\AuthorizationLibrary.csproj", "{3211D2DD-35D6-49A1-BF91-0134EBF409AC}"
EndProject
Project("{FAE04EC0-301F-11D3-BF4B-00C04F79EFBC}") = "NetworkLibrary", "NetworkLibrary\NetworkLibrary.csproj", "{B8902E47-65EE-4F08-9996-EED75DF3B72D}"
EndProject
Project("{FAE04EC0-301F-11D3-BF4B-00C04F79EFBC}") = "LogLibrary", "LogLibrary\LogLibrary.csproj", "{8FC17E48-394E-48A5-9761-D2E485F5A645}"
EndProject
Project("{FAE04EC0-301F-11D3-BF4B-00C04F79EFBC}") = "LogLibraryTestProject", "LogLibraryTestProject\LogLibraryTestProject.csproj", "{8A18C963-9D1C-4A36-ACDD-225B856783BE}"
EndProject
Project("{FAE04EC0-301F-11D3-BF4B-00C04F79EFBC}") = "NetworkLibraryTestProject", "NetworkLibraryTestProject\NetworkLibraryTestProject.csproj", "{66F3F59D-C98C-4673-847B-A1DA543AF290}"
EndProject
Global
	GlobalSection(SolutionConfigurationPlatforms) = preSolution
		Debug|Any CPU = Debug|Any CPU
		Release|Any CPU = Release|Any CPU
	EndGlobalSection
	GlobalSection(ProjectConfigurationPlatforms) = postSolution
		{3B51890F-F7AF-4C9E-BBDB-8552B0E013CC}.Debug|Any CPU.ActiveCfg = Debug|Any CPU
		{3B51890F-F7AF-4C9E-BBDB-8552B0E013CC}.Debug|Any CPU.Build.0 = Debug|Any CPU
		{3B51890F-F7AF-4C9E-BBDB-8552B0E013CC}.Release|Any CPU.ActiveCfg = Release|Any CPU
		{3B51890F-F7AF-4C9E-BBDB-8552B0E013CC}.Release|Any CPU.Build.0 = Release|Any CPU
		{3211D2DD-35D6-49A1-BF91-0134EBF409AC}.Debug|Any CPU.ActiveCfg = Debug|Any CPU
		{3211D2DD-35D6-49A1-BF91-0134EBF409AC}.Debug|Any CPU.Build.0 = Debug|Any CPU
		{3211D2DD-35D6-49A1-BF91-0134EBF409AC}.Release|Any CPU.ActiveCfg = Release|Any CPU
		{3211D2DD-35D6-49A1-BF91-0134EBF409AC}.Release|Any CPU.Build.0 = Release|Any CPU
		{B8902E47-65EE-4F08-9996-EED75DF3B72D}.Debug|Any CPU.ActiveCfg = Debug|Any CPU
		{B8902E47-65EE-4F08-9996-EED75DF3B72D}.Debug|Any CPU.Build.0 = Debug|Any CPU
		{B8902E47-65EE-4F08-9996-EED75DF3B72D}.Release|Any CPU.ActiveCfg = Release|Any CPU
		{B8902E47-65EE-4F08-9996-EED75DF3B72D}.Release|Any CPU.Build.0 = Release|Any CPU
		{8FC17E48-394E-48A5-9761-D2E485F5A645}.Debug|Any CPU.ActiveCfg = Debug|Any CPU
		{8FC17E48-394E-48A5-9761-D2E485F5A645}.Debug|Any CPU.Build.0 = Debug|Any CPU
		{8FC17E48-394E-48A5-9761-D2E485F5A645}.Release|Any CPU.ActiveCfg = Release|Any CPU
		{8FC17E48-394E-48A5-9761-D2E485F5A645}.Release|Any CPU.Build.0 = Release|Any CPU
		{8A18C963-9D1C-4A36-ACDD-225B856783BE}.Debug|Any CPU.ActiveCfg = Debug|Any CPU
		{8A18C963-9D1C-4A36-ACDD-225B856783BE}.Debug|Any CPU.Build.0 = Debug|Any CPU
		{8A18C963-9D1C-4A36-ACDD-225B856783BE}.Release|Any CPU.ActiveCfg = Release|Any CPU
		{8A18C963-9D1C-4A36-ACDD-225B856783BE}.Release|Any CPU.Build.0 = Release|Any CPU
		{66F3F59D-C98C-4673-847B-A1DA543AF290}.Debug|Any CPU.ActiveCfg = Debug|Any CPU
		{66F3F59D-C98C-4673-847B-A1DA543AF290}.Debug|Any CPU.Build.0 = Debug|Any CPU
		{66F3F59D-C98C-4673-847B-A1DA543AF290}.Release|Any CPU.ActiveCfg = Release|Any CPU
		{66F3F59D-C98C-4673-847B-A1DA543AF290}.Release|Any CPU.Build.0 = Release|Any CPU
	EndGlobalSection
	GlobalSection(SolutionProperties) = preSolution
		HideSolutionNode = FALSE
	EndGlobalSection
	GlobalSection(ExtensibilityGlobals) = postSolution
		SolutionGuid = {9B02075E-1390-4860-BB1B-95AB78224BC1}
	EndGlobalSection
EndGlobal
